Microsoft Visual Studio Solution File, Format Version 12.00
# Visual Studio Version 17
VisualStudioVersion = 17.0.31903.59
MinimumVisualStudioVersion = 10.0.40219.1
Project("{9A19103F-16F7-4668-BE54-9A1E7A4F7556}") = "PhysicsSim.Core", "PhysicsSim.Core\PhysicsSim.Core.csproj", "{FDE02957-295A-4F18-A795-F86038B25C46}"
EndProject
Project("{9A19103F-16F7-4668-BE54-9A1E7A4F7556}") = "InterplanetaryManeuver.App", "InterplanetaryManeuver.App\InterplanetaryManeuver.App.csproj", "{6C007445-32D6-4F32-B354-D0F9F9083A33}"
EndProject
Global
	GlobalSection(SolutionConfigurationPlatforms) = preSolution
		Debug|Any CPU = Debug|Any CPU
		Release|Any CPU = Release|Any CPU
	EndGlobalSection
	GlobalSection(ProjectConfigurationPlatforms) = postSolution
		{FDE02957-295A-4F18-A795-F86038B25C46}.Debug|Any CPU.ActiveCfg = Debug|Any CPU
		{FDE02957-295A-4F18-A795-F86038B25C46}.Debug|Any CPU.Build.0 = Debug|Any CPU
		{FDE02957-295A-4F18-A795-F86038B25C46}.Release|Any CPU.ActiveCfg = Release|Any CPU
		{FDE02957-295A-4F18-A795-F86038B25C46}.Release|Any CPU.Build.0 = Release|Any CPU
		{6C007445-32D6-4F32-B354-D0F9F9083A33}.Debug|Any CPU.ActiveCfg = Debug|Any CPU
		{6C007445-32D6-4F32-B354-D0F9F9083A33}.Debug|Any CPU.Build.0 = Debug|Any CPU
		{6C007445-32D6-4F32-B354-D0F9F9083A33}.Release|Any CPU.ActiveCfg = Release|Any CPU
		{6C007445-32D6-4F32-B354-D0F9F9083A33}.Release|Any CPU.Build.0 = Release|Any CPU
	EndGlobalSection
	GlobalSection(SolutionProperties) = preSolution
		HideSolutionNode = FALSE
	EndGlobalSection
EndGlobal
